// !$*UTF8*$!
{
	archiveVersion = 1;
	classes = {
	};
	objectVersion = 77;
	objects = {

/* Begin PBXBuildFile section */
		CA42DC752E76ECA200611E4A /* Preview Assets.xcassets in Resources */ = {isa = PBXBuildFile; fileRef = CA42DC6F2E76ECA200611E4A /* Preview Assets.xcassets */; };
		CA42DC772E76ECA200611E4A /* klookApp.swift in Sources */ = {isa = PBXBuildFile; fileRef = CA42DC732E76ECA200611E4A /* klookApp.swift */; };
		CA42DC782E76ECA200611E4A /* ContentView.swift in Sources */ = {isa = PBXBuildFile; fileRef = CA42DC722E76ECA200611E4A /* ContentView.swift */; };
/* End PBXBuildFile section */

/* Begin PBXContainerItemProxy section */
		CA9232502E753F9900A0596A /* PBXContainerItemProxy */ = {
			isa = PBXContainerItemProxy;
			containerPortal = CA92323A2E753F9700A0596A /* Project object */;
			proxyType = 1;
			remoteGlobalIDString = CA9232412E753F9700A0596A;
			remoteInfo = Roamio;
		};
		CA92325A2E753F9900A0596A /* PBXContainerItemProxy */ = {
			isa = PBXContainerItemProxy;
			containerPortal = CA92323A2E753F9700A0596A /* Project object */;
			proxyType = 1;
			remoteGlobalIDString = CA9232412E753F9700A0596A;
			remoteInfo = Roamio;
		};
/* End PBXContainerItemProxy section */

/* Begin PBXFileReference section */
		CA42DC6F2E76ECA200611E4A /* Preview Assets.xcassets */ = {isa = PBXFileReference; lastKnownFileType = folder.assetcatalog; path = "Preview Assets.xcassets"; sourceTree = "<group>"; };
		CA42DC722E76ECA200611E4A /* ContentView.swift */ = {isa = PBXFileReference; lastKnownFileType = sourcecode.swift; path = ContentView.swift; sourceTree = "<group>"; };
		CA42DC732E76ECA200611E4A /* klookApp.swift */ = {isa = PBXFileReference; lastKnownFileType = sourcecode.swift; path = klookApp.swift; sourceTree = "<group>"; };
		CA9232422E753F9700A0596A /* Roamio.app */ = {isa = PBXFileReference; explicitFileType = wrapper.application; includeInIndex = 0; path = Roamio.app; sourceTree = BUILT_PRODUCTS_DIR; };
		CA92324F2E753F9900A0596A /* RoamioTests.xctest */ = {isa = PBXFileReference; explicitFileType = wrapper.cfbundle; includeInIndex = 0; path = RoamioTests.xctest; sourceTree = BUILT_PRODUCTS_DIR; };
		CA9232592E753F9900A0596A /* RoamioUITests.xctest */ = {isa = PBXFileReference; explicitFileType = wrapper.cfbundle; includeInIndex = 0; path = RoamioUITests.xctest; sourceTree = BUILT_PRODUCTS_DIR; };
/* End PBXFileReference section */

/* Begin PBXFileSystemSynchronizedRootGroup section */
		CA9232442E753F9700A0596A /* Roamio */ = {
			isa = PBXFileSystemSynchronizedRootGroup;
			path = Roamio;
			sourceTree = "<group>";
		};
		CA9232522E753F9900A0596A /* RoamioTests */ = {
			isa = PBXFileSystemSynchronizedRootGroup;
			path = RoamioTests;
			sourceTree = "<group>";
		};
		CA92325C2E753F9900A0596A /* RoamioUITests */ = {
			isa = PBXFileSystemSynchronizedRootGroup;
			path = RoamioUITests;
			sourceTree = "<group>";
		};
/* End PBXFileSystemSynchronizedRootGroup section */

/* Begin PBXFrameworksBuildPhase section */
		CA92323F2E753F9700A0596A /* Frameworks */ = {
			isa = PBXFrameworksBuildPhase;
			buildActionMask = 2147483647;
			files = (
			);
			runOnlyForDeploymentPostprocessing = 0;
		};
		CA92324C2E753F9900A0596A /* Frameworks */ = {
			isa = PBXFrameworksBuildPhase;
			buildActionMask = 2147483647;
			files = (
			);
			runOnlyForDeploymentPostprocessing = 0;
		};
		CA9232562E753F9900A0596A /* Frameworks */ = {
			isa = PBXFrameworksBuildPhase;
			buildActionMask = 2147483647;
			files = (
			);
			runOnlyForDeploymentPostprocessing = 0;
		};
/* End PBXFrameworksBuildPhase section */

/* Begin PBXGroup section */
		CA42DC702E76ECA200611E4A /* Preview Content */ = {
			isa = PBXGroup;
			children = (
				CA42DC6F2E76ECA200611E4A /* Preview Assets.xcassets */,
			);
			path = "Preview Content";
			sourceTree = "<group>";
		};
		CA42DC742E76ECA200611E4A /* klook */ = {
			isa = PBXGroup;
			children = (
				CA42DC702E76ECA200611E4A /* Preview Content */,
				CA42DC722E76ECA200611E4A /* ContentView.swift */,
				CA42DC732E76ECA200611E4A /* klookApp.swift */,
			);
			path = klook;
			sourceTree = "<group>";
		};
		CA9232392E753F9700A0596A = {
			isa = PBXGroup;
			children = (
				CA42DC742E76ECA200611E4A /* klook */,
				CA9232442E753F9700A0596A /* Roamio */,
				CA9232522E753F9900A0596A /* RoamioTests */,
				CA92325C2E753F9900A0596A /* RoamioUITests */,
				CA9232432E753F9700A0596A /* Products */,
			);
			sourceTree = "<group>";
		};
		CA9232432E753F9700A0596A /* Products */ = {
			isa = PBXGroup;
			children = (
				CA9232422E753F9700A0596A /* Roamio.app */,
				CA92324F2E753F9900A0596A /* RoamioTests.xctest */,
				CA9232592E753F9900A0596A /* RoamioUITests.xctest */,
			);
			name = Products;
			sourceTree = "<group>";
		};
/* End PBXGroup section */

/* Begin PBXNativeTarget section */
		CA9232412E753F9700A0596A /* Roamio */ = {
			isa = PBXNativeTarget;
			buildConfigurationList = CA9232632E753F9900A0596A /* Build configuration list for PBXNativeTarget "Roamio" */;
			buildPhases = (
				CA92323E2E753F9700A0596A /* Sources */,
				CA92323F2E753F9700A0596A /* Frameworks */,
				CA9232402E753F9700A0596A /* Resources */,
			);
			buildRules = (
			);
			dependencies = (
			);
			fileSystemSynchronizedGroups = (
				CA9232442E753F9700A0596A /* Roamio */,
			);
			name = Roamio;
			packageProductDependencies = (
			);
			productName = Roamio;
			productReference = CA9232422E753F9700A0596A /* Roamio.app */;
			productType = "com.apple.product-type.application";
		};
		CA92324E2E753F9900A0596A /* RoamioTests */ = {
			isa = PBXNativeTarget;
			buildConfigurationList = CA9232662E753F9900A0596A /* Build configuration list for PBXNativeTarget "RoamioTests" */;
			buildPhases = (
				CA92324B2E753F9900A0596A /* Sources */,
				CA92324C2E753F9900A0596A /* Frameworks */,
				CA92324D2E753F9900A0596A /* Resources */,
			);
			buildRules = (
			);
			dependencies = (
				CA9232512E753F9900A0596A /* PBXTargetDependency */,
			);
			fileSystemSynchronizedGroups = (
				CA9232522E753F9900A0596A /* RoamioTests */,
			);
			name = RoamioTests;
			packageProductDependencies = (
			);
			productName = RoamioTests;
			productReference = CA92324F2E753F9900A0596A /* RoamioTests.xctest */;
			productType = "com.apple.product-type.bundle.unit-test";
		};
		CA9232582E753F9900A0596A /* RoamioUITests */ = {
			isa = PBXNativeTarget;
			buildConfigurationList = CA9232692E753F9900A0596A /* Build configuration list for PBXNativeTarget "RoamioUITests" */;
			buildPhases = (
				CA9232552E753F9900A0596A /* Sources */,
				CA9232562E753F9900A0596A /* Frameworks */,
				CA9232572E753F9900A0596A /* Resources */,
			);
			buildRules = (
			);
			dependencies = (
				CA92325B2E753F9900A0596A /* PBXTargetDependency */,
			);
			fileSystemSynchronizedGroups = (
				CA92325C2E753F9900A0596A /* RoamioUITests */,
			);
			name = RoamioUITests;
			packageProductDependencies = (
			);
			productName = RoamioUITests;
			productReference = CA9232592E753F9900A0596A /* RoamioUITests.xctest */;
			productType = "com.apple.product-type.bundle.ui-testing";
		};
/* End PBXNativeTarget section */

/* Begin PBXProject section */
		CA92323A2E753F9700A0596A /* Project object */ = {
			isa = PBXProject;
			attributes = {
				BuildIndependentTargetsInParallel = 1;
				LastSwiftUpdateCheck = 1640;
				LastUpgradeCheck = 1640;
				TargetAttributes = {
					CA9232412E753F9700A0596A = {
						CreatedOnToolsVersion = 16.4;
					};
					CA92324E2E753F9900A0596A = {
						CreatedOnToolsVersion = 16.4;
						TestTargetID = CA9232412E753F9700A0596A;
					};
					CA9232582E753F9900A0596A = {
						CreatedOnToolsVersion = 16.4;
						TestTargetID = CA9232412E753F9700A0596A;
					};
				};
			};
			buildConfigurationList = CA92323D2E753F9700A0596A /* Build configuration list for PBXProject "Roamio" */;
			developmentRegion = en;
			hasScannedForEncodings = 0;
			knownRegions = (
				en,
				Base,
			);
			mainGroup = CA9232392E753F9700A0596A;
			minimizedProjectReferenceProxies = 1;
			preferredProjectObjectVersion = 77;
			productRefGroup = CA9232432E753F9700A0596A /* Products */;
			projectDirPath = "";
			projectRoot = "";
			targets = (
				CA9232412E753F9700A0596A /* Roamio */,
				CA92324E2E753F9900A0596A /* RoamioTests */,
				CA9232582E753F9900A0596A /* RoamioUITests */,
			);
		};
/* End PBXProject section */

/* Begin PBXResourcesBuildPhase section */
		CA9232402E753F9700A0596A /* Resources */ = {
			isa = PBXResourcesBuildPhase;
			buildActionMask = 2147483647;
			files = (
				CA42DC752E76ECA200611E4A /* Preview Assets.xcassets in Resources */,
			);
			runOnlyForDeploymentPostprocessing = 0;
		};
		CA92324D2E753F9900A0596A /* Resources */ = {
			isa = PBXResourcesBuildPhase;
			buildActionMask = 2147483647;
			files = (
			);
			runOnlyForDeploymentPostprocessing = 0;
		};
		CA9232572E753F9900A0596A /* Resources */ = {
			isa = PBXResourcesBuildPhase;
			buildActionMask = 2147483647;
			files = (
			);
			runOnlyForDeploymentPostprocessing = 0;
		};
/* End PBXResourcesBuildPhase section */

/* Begin PBXSourcesBuildPhase section */
		CA92323E2E753F9700A0596A /* Sources */ = {
			isa = PBXSourcesBuildPhase;
			buildActionMask = 2147483647;
			files = (
				CA42DC772E76ECA200611E4A /* klookApp.swift in Sources */,
				CA42DC782E76ECA200611E4A /* ContentView.swift in Sources */,
			);
			runOnlyForDeploymentPostprocessing = 0;
		};
		CA92324B2E753F9900A0596A /* Sources */ = {
			isa = PBXSourcesBuildPhase;
			buildActionMask = 2147483647;
			files = (
			);
			runOnlyForDeploymentPostprocessing = 0;
		};
		CA9232552E753F9900A0596A /* Sources */ = {
			isa = PBXSourcesBuildPhase;
			buildActionMask = 2147483647;
			files = (
			);
			runOnlyForDeploymentPostprocessing = 0;
		};
/* End PBXSourcesBuildPhase section */

/* Begin PBXTargetDependency section */
		CA9232512E753F9900A0596A /* PBXTargetDependency */ = {
			isa = PBXTargetDependency;
			target = CA9232412E753F9700A0596A /* Roamio */;
			targetProxy = CA9232502E753F9900A0596A /* PBXContainerItemProxy */;
		};
		CA92325B2E753F9900A0596A /* PBXTargetDependency */ = {
			isa = PBXTargetDependency;
			target = CA9232412E753F9700A0596A /* Roamio */;
			targetProxy = CA92325A2E753F9900A0596A /* PBXContainerItemProxy */;
		};
/* End PBXTargetDependency section */

/* Begin XCBuildConfiguration section */
		CA9232612E753F9900A0596A /* Debug */ = {
			isa = XCBuildConfiguration;
			buildSettings = {
				ALWAYS_SEARCH_USER_PATHS = NO;
				ASSETCATALOG_COMPILER_GENERATE_SWIFT_ASSET_SYMBOL_EXTENSIONS = YES;
				CLANG_ANALYZER_NONNULL = YES;
				CLANG_ANALYZER_NUMBER_OBJECT_CONVERSION = YES_AGGRESSIVE;
				CLANG_CXX_LANGUAGE_STANDARD = "gnu++20";
				CLANG_ENABLE_MODULES = YES;
				CLANG_ENABLE_OBJC_ARC = YES;
				CLANG_ENABLE_OBJC_WEAK = YES;
				CLANG_WARN_BLOCK_CAPTURE_AUTORELEASING = YES;
				CLANG_WARN_BOOL_CONVERSION = YES;
				CLANG_WARN_COMMA = YES;
				CLANG_WARN_CONSTANT_CONVERSION = YES;
				CLANG_WARN_DEPRECATED_OBJC_IMPLEMENTATIONS = YES;
				CLANG_WARN_DIRECT_OBJC_ISA_USAGE = YES_ERROR;
				CLANG_WARN_DOCUMENTATION_COMMENTS = YES;
				CLANG_WARN_EMPTY_BODY = YES;
				CLANG_WARN_ENUM_CONVERSION = YES;
				CLANG_WARN_INFINITE_RECURSION = YES;
				CLANG_WARN_INT_CONVERSION = YES;
				CLANG_WARN_NON_LITERAL_NULL_CONVERSION = YES;
				CLANG_WARN_OBJC_IMPLICIT_RETAIN_SELF = YES;
				CLANG_WARN_OBJC_LITERAL_CONVERSION = YES;
				CLANG_WARN_OBJC_ROOT_CLASS = YES_ERROR;
				CLANG_WARN_QUOTED_INCLUDE_IN_FRAMEWORK_HEADER = YES;
				CLANG_WARN_RANGE_LOOP_ANALYSIS = YES;
				CLANG_WARN_STRICT_PROTOTYPES = YES;
				CLANG_WARN_SUSPICIOUS_MOVE = YES;
				CLANG_WARN_UNGUARDED_AVAILABILITY = YES_AGGRESSIVE;
				CLANG_WARN_UNREACHABLE_CODE = YES;
				CLANG_WARN__DUPLICATE_METHOD_MATCH = YES;
				COPY_PHASE_STRIP = NO;
				DEBUG_INFORMATION_FORMAT = dwarf;
				ENABLE_STRICT_OBJC_MSGSEND = YES;
				ENABLE_TESTABILITY = YES;
				ENABLE_USER_SCRIPT_SANDBOXING = YES;
				GCC_C_LANGUAGE_STANDARD = gnu17;
				GCC_DYNAMIC_NO_PIC = NO;
				GCC_NO_COMMON_BLOCKS = YES;
				GCC_OPTIMIZATION_LEVEL = 0;
				GCC_PREPROCESSOR_DEFINITIONS = (
					"DEBUG=1",
					"$(inherited)",
				);
				GCC_WARN_64_TO_32_BIT_CONVERSION = YES;
				GCC_WARN_ABOUT_RETURN_TYPE = YES_ERROR;
				GCC_WARN_UNDECLARED_SELECTOR = YES;
				GCC_WARN_UNINITIALIZED_AUTOS = YES_AGGRESSIVE;
				GCC_WARN_UNUSED_FUNCTION = YES;
				GCC_WARN_UNUSED_VARIABLE = YES;
				IPHONEOS_DEPLOYMENT_TARGET = 18.5;
				LOCALIZATION_PREFERS_STRING_CATALOGS = YES;
				MTL_ENABLE_DEBUG_INFO = INCLUDE_SOURCE;
				MTL_FAST_MATH = YES;
				ONLY_ACTIVE_ARCH = YES;
				SDKROOT = iphoneos;
				SWIFT_ACTIVE_COMPILATION_CONDITIONS = "DEBUG $(inherited)";
				SWIFT_OPTIMIZATION_LEVEL = "-Onone";
			};
			name = Debug;
		};
		CA9232622E753F9900A0596A /* Release */ = {
			isa = XCBuildConfiguration;
			buildSettings = {
				ALWAYS_SEARCH_USER_PATHS = NO;
				ASSETCATALOG_COMPILER_GENERATE_SWIFT_ASSET_SYMBOL_EXTENSIONS = YES;
				CLANG_ANALYZER_NONNULL = YES;
				CLANG_ANALYZER_NUMBER_OBJECT_CONVERSION = YES_AGGRESSIVE;
				CLANG_CXX_LANGUAGE_STANDARD = "gnu++20";
				CLANG_ENABLE_MODULES = YES;
				CLANG_ENABLE_OBJC_ARC = YES;
				CLANG_ENABLE_OBJC_WEAK = YES;
				CLANG_WARN_BLOCK_CAPTURE_AUTORELEASING = YES;
				CLANG_WARN_BOOL_CONVERSION = YES;
				CLANG_WARN_COMMA = YES;
				CLANG_WARN_CONSTANT_CONVERSION = YES;
				CLANG_WARN_DEPRECATED_OBJC_IMPLEMENTATIONS = YES;
				CLANG_WARN_DIRECT_OBJC_ISA_USAGE = YES_ERROR;
				CLANG_WARN_DOCUMENTATION_COMMENTS = YES;
				CLANG_WARN_EMPTY_BODY = YES;
				CLANG_WARN_ENUM_CONVERSION = YES;
				CLANG_WARN_INFINITE_RECURSION = YES;
				CLANG_WARN_INT_CONVERSION = YES;
				CLANG_WARN_NON_LITERAL_NULL_CONVERSION = YES;
				CLANG_WARN_OBJC_IMPLICIT_RETAIN_SELF = YES;
				CLANG_WARN_OBJC_LITERAL_CONVERSION = YES;
				CLANG_WARN_OBJC_ROOT_CLASS = YES_ERROR;
				CLANG_WARN_QUOTED_INCLUDE_IN_FRAMEWORK_HEADER = YES;
				CLANG_WARN_RANGE_LOOP_ANALYSIS = YES;
				CLANG_WARN_STRICT_PROTOTYPES = YES;
				CLANG_WARN_SUSPICIOUS_MOVE = YES;
				CLANG_WARN_UNGUARDED_AVAILABILITY = YES_AGGRESSIVE;
				CLANG_WARN_UNREACHABLE_CODE = YES;
				CLANG_WARN__DUPLICATE_METHOD_MATCH = YES;
				COPY_PHASE_STRIP = NO;
				DEBUG_INFORMATION_FORMAT = "dwarf-with-dsym";
				ENABLE_NS_ASSERTIONS = NO;
				ENABLE_STRICT_OBJC_MSGSEND = YES;
				ENABLE_USER_SCRIPT_SANDBOXING = YES;
				GCC_C_LANGUAGE_STANDARD = gnu17;
				GCC_NO_COMMON_BLOCKS = YES;
				GCC_WARN_64_TO_32_BIT_CONVERSION = YES;
				GCC_WARN_ABOUT_RETURN_TYPE = YES_ERROR;
				GCC_WARN_UNDECLARED_SELECTOR = YES;
				GCC_WARN_UNINITIALIZED_AUTOS = YES_AGGRESSIVE;
				GCC_WARN_UNUSED_FUNCTION = YES;
				GCC_WARN_UNUSED_VARIABLE = YES;
				IPHONEOS_DEPLOYMENT_TARGET = 18.5;
				LOCALIZATION_PREFERS_STRING_CATALOGS = YES;
				MTL_ENABLE_DEBUG_INFO = NO;
				MTL_FAST_MATH = YES;
				SDKROOT = iphoneos;
				SWIFT_COMPILATION_MODE = wholemodule;
				VALIDATE_PRODUCT = YES;
			};
			name = Release;
		};
		CA9232642E753F9900A0596A /* Debug */ = {
			isa = XCBuildConfiguration;
			buildSettings = {
				ASSETCATALOG_COMPILER_APPICON_NAME = AppIcon;
				ASSETCATALOG_COMPILER_GLOBAL_ACCENT_COLOR_NAME = AccentColor;
				CODE_SIGN_STYLE = Automatic;
				CURRENT_PROJECT_VERSION = 1;
				ENABLE_PREVIEWS = YES;
				GENERATE_INFOPLIST_FILE = YES;
				INFOPLIST_KEY_UIApplicationSceneManifest_Generation = YES;
				INFOPLIST_KEY_UIApplicationSupportsIndirectInputEvents = YES;
				INFOPLIST_KEY_UILaunchScreen_Generation = YES;
				INFOPLIST_KEY_UISupportedInterfaceOrientations_iPad = "UIInterfaceOrientationPortrait UIInterfaceOrientationPortraitUpsideDown UIInterfaceOrientationLandscapeLeft UIInterfaceOrientationLandscapeRight";
				INFOPLIST_KEY_UISupportedInterfaceOrientations_iPhone = "UIInterfaceOrientationPortrait UIInterfaceOrientationLandscapeLeft UIInterfaceOrientationLandscapeRight";
				LD_RUNPATH_SEARCH_PATHS = (
					"$(inherited)",
					"@executable_path/Frameworks",
				);
				MARKETING_VERSION = 1.0;
				PRODUCT_BUNDLE_IDENTIFIER = com.suyash.iostask.Roamio;
				PRODUCT_NAME = "$(TARGET_NAME)";
				SWIFT_EMIT_LOC_STRINGS = YES;
				SWIFT_VERSION = 5.0;
				TARGETED_DEVICE_FAMILY = "1,2";
			};
			name = Debug;
		};
		CA9232652E753F9900A0596A /* Release */ = {
			isa = XCBuildConfiguration;
			buildSettings = {
				ASSETCATALOG_COMPILER_APPICON_NAME = AppIcon;
				ASSETCATALOG_COMPILER_GLOBAL_ACCENT_COLOR_NAME = AccentColor;
				CODE_SIGN_STYLE = Automatic;
				CURRENT_PROJECT_VERSION = 1;
				ENABLE_PREVIEWS = YES;
				GENERATE_INFOPLIST_FILE = YES;
				INFOPLIST_KEY_UIApplicationSceneManifest_Generation = YES;
				INFOPLIST_KEY_UIApplicationSupportsIndirectInputEvents = YES;
				INFOPLIST_KEY_UILaunchScreen_Generation = YES;
				INFOPLIST_KEY_UISupportedInterfaceOrientations_iPad = "UIInterfaceOrientationPortrait UIInterfaceOrientationPortraitUpsideDown UIInterfaceOrientationLandscapeLeft UIInterfaceOrientationLandscapeRight";
				INFOPLIST_KEY_UISupportedInterfaceOrientations_iPhone = "UIInterfaceOrientationPortrait UIInterfaceOrientationLandscapeLeft UIInterfaceOrientationLandscapeRight";
				LD_RUNPATH_SEARCH_PATHS = (
					"$(inherited)",
					"@executable_path/Frameworks",
				);
				MARKETING_VERSION = 1.0;
				PRODUCT_BUNDLE_IDENTIFIER = com.suyash.iostask.Roamio;
				PRODUCT_NAME = "$(TARGET_NAME)";
				SWIFT_EMIT_LOC_STRINGS = YES;
				SWIFT_VERSION = 5.0;
				TARGETED_DEVICE_FAMILY = "1,2";
			};
			name = Release;
		};
		CA9232672E753F9900A0596A /* Debug */ = {
			isa = XCBuildConfiguration;
			buildSettings = {
				BUNDLE_LOADER = "$(TEST_HOST)";
				CODE_SIGN_STYLE = Automatic;
				CURRENT_PROJECT_VERSION = 1;
				GENERATE_INFOPLIST_FILE = YES;
				IPHONEOS_DEPLOYMENT_TARGET = 18.5;
				MARKETING_VERSION = 1.0;
				PRODUCT_BUNDLE_IDENTIFIER = com.suyash.iostask.RoamioTests;
				PRODUCT_NAME = "$(TARGET_NAME)";
				SWIFT_EMIT_LOC_STRINGS = NO;
				SWIFT_VERSION = 5.0;
				TARGETED_DEVICE_FAMILY = "1,2";
				TEST_HOST = "$(BUILT_PRODUCTS_DIR)/Roamio.app/$(BUNDLE_EXECUTABLE_FOLDER_PATH)/Roamio";
			};
			name = Debug;
		};
		CA9232682E753F9900A0596A /* Release */ = {
			isa = XCBuildConfiguration;
			buildSettings = {
				BUNDLE_LOADER = "$(TEST_HOST)";
				CODE_SIGN_STYLE = Automatic;
				CURRENT_PROJECT_VERSION = 1;
				GENERATE_INFOPLIST_FILE = YES;
				IPHONEOS_DEPLOYMENT_TARGET = 18.5;
				MARKETING_VERSION = 1.0;
				PRODUCT_BUNDLE_IDENTIFIER = com.suyash.iostask.RoamioTests;
				PRODUCT_NAME = "$(TARGET_NAME)";
				SWIFT_EMIT_LOC_STRINGS = NO;
				SWIFT_VERSION = 5.0;
				TARGETED_DEVICE_FAMILY = "1,2";
				TEST_HOST = "$(BUILT_PRODUCTS_DIR)/Roamio.app/$(BUNDLE_EXECUTABLE_FOLDER_PATH)/Roamio";
			};
			name = Release;
		};
		CA92326A2E753F9900A0596A /* Debug */ = {
			isa = XCBuildConfiguration;
			buildSettings = {
				CODE_SIGN_STYLE = Automatic;
				CURRENT_PROJECT_VERSION = 1;
				GENERATE_INFOPLIST_FILE = YES;
				MARKETING_VERSION = 1.0;
				PRODUCT_BUNDLE_IDENTIFIER = com.suyash.iostask.RoamioUITests;
				PRODUCT_NAME = "$(TARGET_NAME)";
				SWIFT_EMIT_LOC_STRINGS = NO;
				SWIFT_VERSION = 5.0;
				TARGETED_DEVICE_FAMILY = "1,2";
				TEST_TARGET_NAME = Roamio;
			};
			name = Debug;
		};
		CA92326B2E753F9900A0596A /* Release */ = {
			isa = XCBuildConfiguration;
			buildSettings = {
				CODE_SIGN_STYLE = Automatic;
				CURRENT_PROJECT_VERSION = 1;
				GENERATE_INFOPLIST_FILE = YES;
				MARKETING_VERSION = 1.0;
				PRODUCT_BUNDLE_IDENTIFIER = com.suyash.iostask.RoamioUITests;
				PRODUCT_NAME = "$(TARGET_NAME)";
				SWIFT_EMIT_LOC_STRINGS = NO;
				SWIFT_VERSION = 5.0;
				TARGETED_DEVICE_FAMILY = "1,2";
				TEST_TARGET_NAME = Roamio;
			};
			name = Release;
		};
/* End XCBuildConfiguration section */

/* Begin XCConfigurationList section */
		CA92323D2E753F9700A0596A /* Build configuration list for PBXProject "Roamio" */ = {
			isa = XCConfigurationList;
			buildConfigurations = (
				CA9232612E753F9900A0596A /* Debug */,
				CA9232622E753F9900A0596A /* Release */,
			);
			defaultConfigurationIsVisible = 0;
			defaultConfigurationName = Release;
		};
		CA9232632E753F9900A0596A /* Build configuration list for PBXNativeTarget "Roamio" */ = {
			isa = XCConfigurationList;
			buildConfigurations = (
				CA9232642E753F9900A0596A /* Debug */,
				CA9232652E753F9900A0596A /* Release */,
			);
			defaultConfigurationIsVisible = 0;
			defaultConfigurationName = Release;
		};
		CA9232662E753F9900A0596A /* Build configuration list for PBXNativeTarget "RoamioTests" */ = {
			isa = XCConfigurationList;
			buildConfigurations = (
				CA9232672E753F9900A0596A /* Debug */,
				CA9232682E753F9900A0596A /* Release */,
			);
			defaultConfigurationIsVisible = 0;
			defaultConfigurationName = Release;
		};
		CA9232692E753F9900A0596A /* Build configuration list for PBXNativeTarget "RoamioUITests" */ = {
			isa = XCConfigurationList;
			buildConfigurations = (
				CA92326A2E753F9900A0596A /* Debug */,
				CA92326B2E753F9900A0596A /* Release */,
			);
			defaultConfigurationIsVisible = 0;
			defaultConfigurationName = Release;
		};
/* End XCConfigurationList section */
	};
	rootObject = CA92323A2E753F9700A0596A /* Project object */;
}
